
Microsoft Visual Studio Solution File, Format Version 12.00
# Visual Studio Version 17
VisualStudioVersion = 17.0.31903.59
MinimumVisualStudioVersion = 10.0.40219.1
Project("{FAE04EC0-301F-11D3-BF4B-00C04F79EFBC}") = "Sandbox", "Sandbox\Sandbox.csproj", "{617D70D5-410C-4687-A94E-2EECE8EE644C}"
EndProject
Project("{FAE04EC0-301F-11D3-BF4B-00C04F79EFBC}") = "CalDavNet", "CalDavNet\CalDavNet.csproj", "{57F102DF-89D8-4177-A8E1-25CEA61E008B}"
EndProject
Project("{2150E333-8FDC-42A3-9474-1A3956D46DE8}") = "root", "root", "{36D591C7-65C7-A0D1-1CBC-10CDE441BDC8}"
	ProjectSection(SolutionItems) = preProject
		.editorconfig = .editorconfig
		.gitattributes = .gitattributes
		.gitignore = .gitignore
		global.json = global.json
		NuGet.config = NuGet.config
	EndProjectSection
EndProject
Project("{2150E333-8FDC-42A3-9474-1A3956D46DE8}") = "tests", "tests", "{0AB3BF05-4346-4AA6-1389-037BE0695223}"
	ProjectSection(SolutionItems) = preProject
		tests\Directory.Build.props = tests\Directory.Build.props
		tests\Directory.Packages.props = tests\Directory.Packages.props
	EndProjectSection
EndProject
Project("{FAE04EC0-301F-11D3-BF4B-00C04F79EFBC}") = "IntegrationTests", "tests\IntegrationTests\IntegrationTests.csproj", "{9A24734E-E3CC-46F5-A7C2-B4F137D1558D}"
EndProject
Project("{FAE04EC0-301F-11D3-BF4B-00C04F79EFBC}") = "UnitTests", "tests\UnitTests\UnitTests.csproj", "{F0A173F4-2BE0-4598-82E9-1C739BE95D9E}"
EndProject
Global
	GlobalSection(SolutionConfigurationPlatforms) = preSolution
		Debug|Any CPU = Debug|Any CPU
		Debug|x64 = Debug|x64
		Debug|x86 = Debug|x86
		Release|Any CPU = Release|Any CPU
		Release|x64 = Release|x64
		Release|x86 = Release|x86
	EndGlobalSection
	GlobalSection(ProjectConfigurationPlatforms) = postSolution
		{617D70D5-410C-4687-A94E-2EECE8EE644C}.Debug|Any CPU.ActiveCfg = Debug|Any CPU
		{617D70D5-410C-4687-A94E-2EECE8EE644C}.Debug|Any CPU.Build.0 = Debug|Any CPU
		{617D70D5-410C-4687-A94E-2EECE8EE644C}.Debug|x64.ActiveCfg = Debug|Any CPU
		{617D70D5-410C-4687-A94E-2EECE8EE644C}.Debug|x64.Build.0 = Debug|Any CPU
		{617D70D5-410C-4687-A94E-2EECE8EE644C}.Debug|x86.ActiveCfg = Debug|Any CPU
		{617D70D5-410C-4687-A94E-2EECE8EE644C}.Debug|x86.Build.0 = Debug|Any CPU
		{617D70D5-410C-4687-A94E-2EECE8EE644C}.Release|Any CPU.ActiveCfg = Release|Any CPU
		{617D70D5-410C-4687-A94E-2EECE8EE644C}.Release|Any CPU.Build.0 = Release|Any CPU
		{617D70D5-410C-4687-A94E-2EECE8EE644C}.Release|x64.ActiveCfg = Release|Any CPU
		{617D70D5-410C-4687-A94E-2EECE8EE644C}.Release|x64.Build.0 = Release|Any CPU
		{617D70D5-410C-4687-A94E-2EECE8EE644C}.Release|x86.ActiveCfg = Release|Any CPU
		{617D70D5-410C-4687-A94E-2EECE8EE644C}.Release|x86.Build.0 = Release|Any CPU
		{57F102DF-89D8-4177-A8E1-25CEA61E008B}.Debug|Any CPU.ActiveCfg = Debug|Any CPU
		{57F102DF-89D8-4177-A8E1-25CEA61E008B}.Debug|Any CPU.Build.0 = Debug|Any CPU
		{57F102DF-89D8-4177-A8E1-25CEA61E008B}.Debug|x64.ActiveCfg = Debug|Any CPU
		{57F102DF-89D8-4177-A8E1-25CEA61E008B}.Debug|x64.Build.0 = Debug|Any CPU
		{57F102DF-89D8-4177-A8E1-25CEA61E008B}.Debug|x86.ActiveCfg = Debug|Any CPU
		{57F102DF-89D8-4177-A8E1-25CEA61E008B}.Debug|x86.Build.0 = Debug|Any CPU
		{57F102DF-89D8-4177-A8E1-25CEA61E008B}.Release|Any CPU.ActiveCfg = Release|Any CPU
		{57F102DF-89D8-4177-A8E1-25CEA61E008B}.Release|Any CPU.Build.0 = Release|Any CPU
		{57F102DF-89D8-4177-A8E1-25CEA61E008B}.Release|x64.ActiveCfg = Release|Any CPU
		{57F102DF-89D8-4177-A8E1-25CEA61E008B}.Release|x64.Build.0 = Release|Any CPU
		{57F102DF-89D8-4177-A8E1-25CEA61E008B}.Release|x86.ActiveCfg = Release|Any CPU
		{57F102DF-89D8-4177-A8E1-25CEA61E008B}.Release|x86.Build.0 = Release|Any CPU
		{9A24734E-E3CC-46F5-A7C2-B4F137D1558D}.Debug|Any CPU.ActiveCfg = Debug|Any CPU
		{9A24734E-E3CC-46F5-A7C2-B4F137D1558D}.Debug|Any CPU.Build.0 = Debug|Any CPU
		{9A24734E-E3CC-46F5-A7C2-B4F137D1558D}.Debug|x64.ActiveCfg = Debug|Any CPU
		{9A24734E-E3CC-46F5-A7C2-B4F137D1558D}.Debug|x64.Build.0 = Debug|Any CPU
		{9A24734E-E3CC-46F5-A7C2-B4F137D1558D}.Debug|x86.ActiveCfg = Debug|Any CPU
		{9A24734E-E3CC-46F5-A7C2-B4F137D1558D}.Debug|x86.Build.0 = Debug|Any CPU
		{9A24734E-E3CC-46F5-A7C2-B4F137D1558D}.Release|Any CPU.ActiveCfg = Release|Any CPU
		{9A24734E-E3CC-46F5-A7C2-B4F137D1558D}.Release|Any CPU.Build.0 = Release|Any CPU
		{9A24734E-E3CC-46F5-A7C2-B4F137D1558D}.Release|x64.ActiveCfg = Release|Any CPU
		{9A24734E-E3CC-46F5-A7C2-B4F137D1558D}.Release|x64.Build.0 = Release|Any CPU
		{9A24734E-E3CC-46F5-A7C2-B4F137D1558D}.Release|x86.ActiveCfg = Release|Any CPU
		{9A24734E-E3CC-46F5-A7C2-B4F137D1558D}.Release|x86.Build.0 = Release|Any CPU
		{F0A173F4-2BE0-4598-82E9-1C739BE95D9E}.Debug|Any CPU.ActiveCfg = Debug|Any CPU
		{F0A173F4-2BE0-4598-82E9-1C739BE95D9E}.Debug|Any CPU.Build.0 = Debug|Any CPU
		{F0A173F4-2BE0-4598-82E9-1C739BE95D9E}.Debug|x64.ActiveCfg = Debug|Any CPU
		{F0A173F4-2BE0-4598-82E9-1C739BE95D9E}.Debug|x64.Build.0 = Debug|Any CPU
		{F0A173F4-2BE0-4598-82E9-1C739BE95D9E}.Debug|x86.ActiveCfg = Debug|Any CPU
		{F0A173F4-2BE0-4598-82E9-1C739BE95D9E}.Debug|x86.Build.0 = Debug|Any CPU
		{F0A173F4-2BE0-4598-82E9-1C739BE95D9E}.Release|Any CPU.ActiveCfg = Release|Any CPU
		{F0A173F4-2BE0-4598-82E9-1C739BE95D9E}.Release|Any CPU.Build.0 = Release|Any CPU
		{F0A173F4-2BE0-4598-82E9-1C739BE95D9E}.Release|x64.ActiveCfg = Release|Any CPU
		{F0A173F4-2BE0-4598-82E9-1C739BE95D9E}.Release|x64.Build.0 = Release|Any CPU
		{F0A173F4-2BE0-4598-82E9-1C739BE95D9E}.Release|x86.ActiveCfg = Release|Any CPU
		{F0A173F4-2BE0-4598-82E9-1C739BE95D9E}.Release|x86.Build.0 = Release|Any CPU
	EndGlobalSection
	GlobalSection(SolutionProperties) = preSolution
		HideSolutionNode = FALSE
	EndGlobalSection
	GlobalSection(NestedProjects) = preSolution
		{9A24734E-E3CC-46F5-A7C2-B4F137D1558D} = {0AB3BF05-4346-4AA6-1389-037BE0695223}
		{F0A173F4-2BE0-4598-82E9-1C739BE95D9E} = {0AB3BF05-4346-4AA6-1389-037BE0695223}
	EndGlobalSection
	GlobalSection(ExtensibilityGlobals) = postSolution
		SolutionGuid = {2C00C48B-BA04-47AA-8E6A-F74E9D995360}
	EndGlobalSection
EndGlobal
