
Microsoft Visual Studio Solution File, Format Version 12.00
# Visual Studio Version 18
VisualStudioVersion = 18.1.11304.174
MinimumVisualStudioVersion = 10.0.40219.1
Project("{FAE04EC0-301F-11D3-BF4B-00C04F79EFBC}") = "CalDAVNet", "CalDAVNet\CalDAVNet.csproj", "{947F03A9-E8A9-47A9-BE4B-253176ECF87E}"
EndProject
Project("{FAE04EC0-301F-11D3-BF4B-00C04F79EFBC}") = "Sandbox", "Sandbox\Sandbox.csproj", "{991F8EE7-0E4A-4896-8110-5075F8C19D07}"
EndProject
Project("{2150E333-8FDC-42A3-9474-1A3956D46DE8}") = "root", "root", "{2AF190C7-3609-49C0-9B2F-E7882ADAC88A}"
	ProjectSection(SolutionItems) = preProject
		.editorconfig = .editorconfig
		.gitattributes = .gitattributes
		.gitignore = .gitignore
		global.json = global.json
		LICENSE = LICENSE
		NuGet.config = NuGet.config
	EndProjectSection
EndProject
Global
	GlobalSection(SolutionConfigurationPlatforms) = preSolution
		Debug|Any CPU = Debug|Any CPU
		Debug|x64 = Debug|x64
		Debug|x86 = Debug|x86
		Release|Any CPU = Release|Any CPU
		Release|x64 = Release|x64
		Release|x86 = Release|x86
	EndGlobalSection
	GlobalSection(ProjectConfigurationPlatforms) = postSolution
		{947F03A9-E8A9-47A9-BE4B-253176ECF87E}.Debug|Any CPU.ActiveCfg = Debug|Any CPU
		{947F03A9-E8A9-47A9-BE4B-253176ECF87E}.Debug|Any CPU.Build.0 = Debug|Any CPU
		{947F03A9-E8A9-47A9-BE4B-253176ECF87E}.Debug|x64.ActiveCfg = Debug|Any CPU
		{947F03A9-E8A9-47A9-BE4B-253176ECF87E}.Debug|x64.Build.0 = Debug|Any CPU
		{947F03A9-E8A9-47A9-BE4B-253176ECF87E}.Debug|x86.ActiveCfg = Debug|Any CPU
		{947F03A9-E8A9-47A9-BE4B-253176ECF87E}.Debug|x86.Build.0 = Debug|Any CPU
		{947F03A9-E8A9-47A9-BE4B-253176ECF87E}.Release|Any CPU.ActiveCfg = Release|Any CPU
		{947F03A9-E8A9-47A9-BE4B-253176ECF87E}.Release|Any CPU.Build.0 = Release|Any CPU
		{947F03A9-E8A9-47A9-BE4B-253176ECF87E}.Release|x64.ActiveCfg = Release|Any CPU
		{947F03A9-E8A9-47A9-BE4B-253176ECF87E}.Release|x64.Build.0 = Release|Any CPU
		{947F03A9-E8A9-47A9-BE4B-253176ECF87E}.Release|x86.ActiveCfg = Release|Any CPU
		{947F03A9-E8A9-47A9-BE4B-253176ECF87E}.Release|x86.Build.0 = Release|Any CPU
		{991F8EE7-0E4A-4896-8110-5075F8C19D07}.Debug|Any CPU.ActiveCfg = Debug|Any CPU
		{991F8EE7-0E4A-4896-8110-5075F8C19D07}.Debug|Any CPU.Build.0 = Debug|Any CPU
		{991F8EE7-0E4A-4896-8110-5075F8C19D07}.Debug|x64.ActiveCfg = Debug|Any CPU
		{991F8EE7-0E4A-4896-8110-5075F8C19D07}.Debug|x64.Build.0 = Debug|Any CPU
		{991F8EE7-0E4A-4896-8110-5075F8C19D07}.Debug|x86.ActiveCfg = Debug|Any CPU
		{991F8EE7-0E4A-4896-8110-5075F8C19D07}.Debug|x86.Build.0 = Debug|Any CPU
		{991F8EE7-0E4A-4896-8110-5075F8C19D07}.Release|Any CPU.ActiveCfg = Release|Any CPU
		{991F8EE7-0E4A-4896-8110-5075F8C19D07}.Release|Any CPU.Build.0 = Release|Any CPU
		{991F8EE7-0E4A-4896-8110-5075F8C19D07}.Release|x64.ActiveCfg = Release|Any CPU
		{991F8EE7-0E4A-4896-8110-5075F8C19D07}.Release|x64.Build.0 = Release|Any CPU
		{991F8EE7-0E4A-4896-8110-5075F8C19D07}.Release|x86.ActiveCfg = Release|Any CPU
		{991F8EE7-0E4A-4896-8110-5075F8C19D07}.Release|x86.Build.0 = Release|Any CPU
	EndGlobalSection
	GlobalSection(SolutionProperties) = preSolution
		HideSolutionNode = FALSE
	EndGlobalSection
	GlobalSection(ExtensibilityGlobals) = postSolution
		SolutionGuid = {68A92BD5-EE77-4B80-AC75-866619178166}
	EndGlobalSection
EndGlobal
